
Microsoft Visual Studio Solution File, Format Version 12.00
# Visual Studio Version 17
VisualStudioVersion = 17.11.35222.181
MinimumVisualStudioVersion = 10.0.40219.1
Project("{9A19103F-16F7-4668-BE54-9A1E7A4F7556}") = "ServerApplication", "testnetwork1\ServerApplication.csproj", "{2BE8AE23-F397-42E5-B316-651C27FB4E39}"
EndProject
Global
	GlobalSection(SolutionConfigurationPlatforms) = preSolution
		Debug|Any CPU = Debug|Any CPU
		Release|Any CPU = Release|Any CPU
	EndGlobalSection
	GlobalSection(ProjectConfigurationPlatforms) = postSolution
		{2BE8AE23-F397-42E5-B316-651C27FB4E39}.Debug|Any CPU.ActiveCfg = Debug|Any CPU
		{2BE8AE23-F397-42E5-B316-651C27FB4E39}.Debug|Any CPU.Build.0 = Debug|Any CPU
		{2BE8AE23-F397-42E5-B316-651C27FB4E39}.Release|Any CPU.ActiveCfg = Release|Any CPU
		{2BE8AE23-F397-42E5-B316-651C27FB4E39}.Release|Any CPU.Build.0 = Release|Any CPU
	EndGlobalSection
	GlobalSection(SolutionProperties) = preSolution
		HideSolutionNode = FALSE
	EndGlobalSection
	GlobalSection(ExtensibilityGlobals) = postSolution
		SolutionGuid = {9DC2119A-02C6-4074-AD4F-F76F3D0D4887}
	EndGlobalSection
EndGlobal
